
Microsoft Visual Studio Solution File, Format Version 12.00
# Visual Studio 15
VisualStudioVersion = 15.0.27703.2026
MinimumVisualStudioVersion = 10.0.40219.1
Project("{2150E333-8FDC-42A3-9474-1A3956D46DE8}") = "BLL", "BLL", "{0D9E56AE-DB2D-4A93-8B78-9876966D7378}"
EndProject
Project("{2150E333-8FDC-42A3-9474-1A3956D46DE8}") = "DAL", "DAL", "{B16E43B5-5D72-45AF-B7D5-7819C810A229}"
EndProject
Project("{2150E333-8FDC-42A3-9474-1A3956D46DE8}") = "Domain", "Domain", "{76D75807-787B-4DC0-8543-18F06CEA7608}"
EndProject
Project("{2150E333-8FDC-42A3-9474-1A3956D46DE8}") = "UI", "UI", "{37976CAE-1531-446D-AE6A-76FE37A3D798}"
EndProject
Project("{FAE04EC0-301F-11D3-BF4B-00C04F79EFBC}") = "CMS.BLL", "CMS.BLL\CMS.BLL.csproj", "{E9B79301-A6DE-43A3-9ABB-BE825E058A84}"
EndProject
Project("{FAE04EC0-301F-11D3-BF4B-00C04F79EFBC}") = "CMS.DAL", "CMS.DAL\CMS.DAL.csproj", "{A4F4C86F-C8C4-4A6F-B46D-22698BC1EEFA}"
EndProject
Project("{FAE04EC0-301F-11D3-BF4B-00C04F79EFBC}") = "CMS.Domain", "CMS.Domain\CMS.Domain.csproj", "{FA6E1B8A-F33E-4A0A-95A3-71E64E1F0991}"
EndProject
Project("{FAE04EC0-301F-11D3-BF4B-00C04F79EFBC}") = "CMS.Web", "CMS.Web\CMS.Web.csproj", "{F7608C3D-9F7B-4C3C-88EE-A8EA8A4E6180}"
EndProject
Global
	GlobalSection(SolutionConfigurationPlatforms) = preSolution
		Debug|Any CPU = Debug|Any CPU
		Release|Any CPU = Release|Any CPU
	EndGlobalSection
	GlobalSection(ProjectConfigurationPlatforms) = postSolution
		{E9B79301-A6DE-43A3-9ABB-BE825E058A84}.Debug|Any CPU.ActiveCfg = Debug|Any CPU
		{E9B79301-A6DE-43A3-9ABB-BE825E058A84}.Debug|Any CPU.Build.0 = Debug|Any CPU
		{E9B79301-A6DE-43A3-9ABB-BE825E058A84}.Release|Any CPU.ActiveCfg = Release|Any CPU
		{E9B79301-A6DE-43A3-9ABB-BE825E058A84}.Release|Any CPU.Build.0 = Release|Any CPU
		{A4F4C86F-C8C4-4A6F-B46D-22698BC1EEFA}.Debug|Any CPU.ActiveCfg = Debug|Any CPU
		{A4F4C86F-C8C4-4A6F-B46D-22698BC1EEFA}.Debug|Any CPU.Build.0 = Debug|Any CPU
		{A4F4C86F-C8C4-4A6F-B46D-22698BC1EEFA}.Release|Any CPU.ActiveCfg = Release|Any CPU
		{A4F4C86F-C8C4-4A6F-B46D-22698BC1EEFA}.Release|Any CPU.Build.0 = Release|Any CPU
		{FA6E1B8A-F33E-4A0A-95A3-71E64E1F0991}.Debug|Any CPU.ActiveCfg = Debug|Any CPU
		{FA6E1B8A-F33E-4A0A-95A3-71E64E1F0991}.Debug|Any CPU.Build.0 = Debug|Any CPU
		{FA6E1B8A-F33E-4A0A-95A3-71E64E1F0991}.Release|Any CPU.ActiveCfg = Release|Any CPU
		{FA6E1B8A-F33E-4A0A-95A3-71E64E1F0991}.Release|Any CPU.Build.0 = Release|Any CPU
		{F7608C3D-9F7B-4C3C-88EE-A8EA8A4E6180}.Debug|Any CPU.ActiveCfg = Debug|Any CPU
		{F7608C3D-9F7B-4C3C-88EE-A8EA8A4E6180}.Debug|Any CPU.Build.0 = Debug|Any CPU
		{F7608C3D-9F7B-4C3C-88EE-A8EA8A4E6180}.Release|Any CPU.ActiveCfg = Release|Any CPU
		{F7608C3D-9F7B-4C3C-88EE-A8EA8A4E6180}.Release|Any CPU.Build.0 = Release|Any CPU
	EndGlobalSection
	GlobalSection(SolutionProperties) = preSolution
		HideSolutionNode = FALSE
	EndGlobalSection
	GlobalSection(NestedProjects) = preSolution
		{E9B79301-A6DE-43A3-9ABB-BE825E058A84} = {0D9E56AE-DB2D-4A93-8B78-9876966D7378}
		{A4F4C86F-C8C4-4A6F-B46D-22698BC1EEFA} = {B16E43B5-5D72-45AF-B7D5-7819C810A229}
		{FA6E1B8A-F33E-4A0A-95A3-71E64E1F0991} = {76D75807-787B-4DC0-8543-18F06CEA7608}
		{F7608C3D-9F7B-4C3C-88EE-A8EA8A4E6180} = {37976CAE-1531-446D-AE6A-76FE37A3D798}
	EndGlobalSection
	GlobalSection(ExtensibilityGlobals) = postSolution
		SolutionGuid = {7890D9C7-D49C-41D6-A2E5-BFF3E0BDCABB}
	EndGlobalSection
EndGlobal
